{
  "requires": true,
  "lockfileVersion": 1,
  "dependencies": {
    "here-js-api": {
      "version": "2.0.0",
      "resolved": "https://registry.npmjs.org/here-js-api/-/here-js-api-2.0.0.tgz",
      "integrity": "sha512-E7SyJ86dv2w/y1oe+LH9n4rFSwYw5wAXvbJHoMin4/XVGgQLOkj2fdjLeZ+A18yAWtfu65ak9K5GwZKf53WJPg=="
    }
  }
}
